
Microsoft Visual Studio Solution File, Format Version 12.00
# Visual Studio 15
VisualStudioVersion = 15.0.27703.2035
MinimumVisualStudioVersion = 10.0.40219.1
Project("{9A19103F-16F7-4668-BE54-9A1E7A4F7556}") = "TSSArt.Extensions.Autofac", "src\TSSArt.Extensions.Autofac\TSSArt.Extensions.Autofac.csproj", "{FCD7ADFB-D07D-44C5-A7DE-59B7613521F3}"
EndProject
Project("{9A19103F-16F7-4668-BE54-9A1E7A4F7556}") = "TSSArt.Extensions.Autofac.Test", "test\TSSArt.Extensions.Autofac.Test\TSSArt.Extensions.Autofac.Test.csproj", "{AF712D71-0821-4D73-BA48-C35D135B2272}"
EndProject
Global
	GlobalSection(SolutionConfigurationPlatforms) = preSolution
		Debug|Any CPU = Debug|Any CPU
		Release|Any CPU = Release|Any CPU
	EndGlobalSection
	GlobalSection(ProjectConfigurationPlatforms) = postSolution
		{FCD7ADFB-D07D-44C5-A7DE-59B7613521F3}.Debug|Any CPU.ActiveCfg = Debug|Any CPU
		{FCD7ADFB-D07D-44C5-A7DE-59B7613521F3}.Debug|Any CPU.Build.0 = Debug|Any CPU
		{FCD7ADFB-D07D-44C5-A7DE-59B7613521F3}.Release|Any CPU.ActiveCfg = Release|Any CPU
		{FCD7ADFB-D07D-44C5-A7DE-59B7613521F3}.Release|Any CPU.Build.0 = Release|Any CPU
		{AF712D71-0821-4D73-BA48-C35D135B2272}.Debug|Any CPU.ActiveCfg = Debug|Any CPU
		{AF712D71-0821-4D73-BA48-C35D135B2272}.Debug|Any CPU.Build.0 = Debug|Any CPU
		{AF712D71-0821-4D73-BA48-C35D135B2272}.Release|Any CPU.ActiveCfg = Release|Any CPU
		{AF712D71-0821-4D73-BA48-C35D135B2272}.Release|Any CPU.Build.0 = Release|Any CPU
	EndGlobalSection
	GlobalSection(SolutionProperties) = preSolution
		HideSolutionNode = FALSE
	EndGlobalSection
	GlobalSection(ExtensibilityGlobals) = postSolution
		SolutionGuid = {FCEDBB3C-DEB6-4AF0-9672-6426D7007694}
	EndGlobalSection
EndGlobal
